PODS:
  - Flutter (1.0.0)
  - synerise_flutter_sdk (0.0.1):
    - Flutter
    - SyneriseSDK (= 4.10.0)
  - SyneriseSDK (4.10.0)

DEPENDENCIES:
  - Flutter (from `Flutter`)
  - synerise_flutter_sdk (from `.symlinks/plugins/synerise_flutter_sdk/ios`)
  - SyneriseSDK

SPEC REPOS:
  trunk:
    - SyneriseSDK

EXTERNAL SOURCES:
  Flutter:
    :path: Flutter
  synerise_flutter_sdk:
    :path: ".symlinks/plugins/synerise_flutter_sdk/ios"

SPEC CHECKSUMS:
  Flutter: f04841e97a9d0b0a8025694d0796dd46242b2854
  synerise_flutter_sdk: 8a47982bf3dba3e4d8b1186dfed09981a96fd87b
  SyneriseSDK: 07512a4529895c7055fef2bf65e7aff3e0fa1bb5

PODFILE CHECKSUM: 5defac35e7b16f6d8037e059835655e7a16130d3

COCOAPODS: 1.11.3
